// !$*UTF8*$!
{
	archiveVersion = 1;
	classes = {
	};
	objectVersion = 56;
	objects = {

/* Begin PBXBuildFile section */
		1586C05F2C3BEA700098C526 /* AppDelegate.swift in Sources */ = {isa = PBXBuildFile; fileRef = 1586C05E2C3BEA700098C526 /* AppDelegate.swift */; };
		1586C0612C3BEA700098C526 /* SceneDelegate.swift in Sources */ = {isa = PBXBuildFile; fileRef = 1586C0602C3BEA700098C526 /* SceneDelegate.swift */; };
		1586C0662C3BEA700098C526 /* Main.storyboard in Resources */ = {isa = PBXBuildFile; fileRef = 1586C0642C3BEA700098C526 /* Main.storyboard */; };
		1586C0682C3BEA720098C526 /* Assets.xcassets in Resources */ = {isa = PBXBuildFile; fileRef = 1586C0672C3BEA720098C526 /* Assets.xcassets */; };
		1586C06B2C3BEA720098C526 /* LaunchScreen.storyboard in Resources */ = {isa = PBXBuildFile; fileRef = 1586C0692C3BEA720098C526 /* LaunchScreen.storyboard */; };
		1586C0752C3BEC9C0098C526 /* OneBoardingUserViewController.swift in Sources */ = {isa = PBXBuildFile; fileRef = 1586C0742C3BEC9C0098C526 /* OneBoardingUserViewController.swift */; };
		1586C0782C3BECC80098C526 /* LoadViewController.swift in Sources */ = {isa = PBXBuildFile; fileRef = 1586C0772C3BECC80098C526 /* LoadViewController.swift */; };
		1586C07B2C3BED2E0098C526 /* SnapKit in Frameworks */ = {isa = PBXBuildFile; productRef = 1586C07A2C3BED2E0098C526 /* SnapKit */; };
		1586C07E2C3C061B0098C526 /* RacionViewController.swift in Sources */ = {isa = PBXBuildFile; fileRef = 1586C07D2C3C061B0098C526 /* RacionViewController.swift */; };
		1586C0812C3C06460098C526 /* TabBarViewController.swift in Sources */ = {isa = PBXBuildFile; fileRef = 1586C0802C3C06460098C526 /* TabBarViewController.swift */; };
		1586C0842C3C266D0098C526 /* Models.swift in Sources */ = {isa = PBXBuildFile; fileRef = 1586C0832C3C266D0098C526 /* Models.swift */; };
		1586C0882C3D69BF0098C526 /* NewHistoryViewController.swift in Sources */ = {isa = PBXBuildFile; fileRef = 1586C0872C3D69BF0098C526 /* NewHistoryViewController.swift */; };
/* End PBXBuildFile section */

/* Begin PBXFileReference section */
		1586C05B2C3BEA700098C526 /* SerenitySpace.app */ = {isa = PBXFileReference; explicitFileType = wrapper.application; includeInIndex = 0; path = SerenitySpace.app; sourceTree = BUILT_PRODUCTS_DIR; };
		1586C05E2C3BEA700098C526 /* AppDelegate.swift */ = {isa = PBXFileReference; lastKnownFileType = sourcecode.swift; path = AppDelegate.swift; sourceTree = "<group>"; };
		1586C0602C3BEA700098C526 /* SceneDelegate.swift */ = {isa = PBXFileReference; lastKnownFileType = sourcecode.swift; path = SceneDelegate.swift; sourceTree = "<group>"; };
		1586C0652C3BEA700098C526 /* Base */ = {isa = PBXFileReference; lastKnownFileType = file.storyboard; name = Base; path = Base.lproj/Main.storyboard; sourceTree = "<group>"; };
		1586C0672C3BEA720098C526 /* Assets.xcassets */ = {isa = PBXFileReference; lastKnownFileType = folder.assetcatalog; path = Assets.xcassets; sourceTree = "<group>"; };
		1586C06A2C3BEA720098C526 /* Base */ = {isa = PBXFileReference; lastKnownFileType = file.storyboard; name = Base; path = Base.lproj/LaunchScreen.storyboard; sourceTree = "<group>"; };
		1586C06C2C3BEA720098C526 /* Info.plist */ = {isa = PBXFileReference; lastKnownFileType = text.plist.xml; path = Info.plist; sourceTree = "<group>"; };
		1586C0742C3BEC9C0098C526 /* OneBoardingUserViewController.swift */ = {isa = PBXFileReference; lastKnownFileType = sourcecode.swift; path = OneBoardingUserViewController.swift; sourceTree = "<group>"; };
		1586C0772C3BECC80098C526 /* LoadViewController.swift */ = {isa = PBXFileReference; lastKnownFileType = sourcecode.swift; path = LoadViewController.swift; sourceTree = "<group>"; };
		1586C07D2C3C061B0098C526 /* RacionViewController.swift */ = {isa = PBXFileReference; lastKnownFileType = sourcecode.swift; path = RacionViewController.swift; sourceTree = "<group>"; };
		1586C0802C3C06460098C526 /* TabBarViewController.swift */ = {isa = PBXFileReference; lastKnownFileType = sourcecode.swift; path = TabBarViewController.swift; sourceTree = "<group>"; };
		1586C0832C3C266D0098C526 /* Models.swift */ = {isa = PBXFileReference; lastKnownFileType = sourcecode.swift; path = Models.swift; sourceTree = "<group>"; };
		1586C0872C3D69BF0098C526 /* NewHistoryViewController.swift */ = {isa = PBXFileReference; lastKnownFileType = sourcecode.swift; path = NewHistoryViewController.swift; sourceTree = "<group>"; };
/* End PBXFileReference section */

/* Begin PBXFrameworksBuildPhase section */
		1586C0582C3BEA700098C526 /* Frameworks */ = {
			isa = PBXFrameworksBuildPhase;
			buildActionMask = 2147483647;
			files = (
				1586C07B2C3BED2E0098C526 /* SnapKit in Frameworks */,
			);
			runOnlyForDeploymentPostprocessing = 0;
		};
/* End PBXFrameworksBuildPhase section */

/* Begin PBXGroup section */
		1586C0522C3BEA700098C526 = {
			isa = PBXGroup;
			children = (
				1586C05D2C3BEA700098C526 /* SerenitySpace */,
				1586C05C2C3BEA700098C526 /* Products */,
			);
			sourceTree = "<group>";
		};
		1586C05C2C3BEA700098C526 /* Products */ = {
			isa = PBXGroup;
			children = (
				1586C05B2C3BEA700098C526 /* SerenitySpace.app */,
			);
			name = Products;
			sourceTree = "<group>";
		};
		1586C05D2C3BEA700098C526 /* SerenitySpace */ = {
			isa = PBXGroup;
			children = (
				1586C0822C3C265E0098C526 /* Model */,
				1586C07F2C3C06280098C526 /* TabBar */,
				1586C07C2C3C060B0098C526 /* Racion */,
				1586C0762C3BECB80098C526 /* LoadScreen */,
				1586C0732C3BEC220098C526 /* OneBoarding */,
				1586C0722C3BEBBB0098C526 /* Support */,
				1586C06C2C3BEA720098C526 /* Info.plist */,
			);
			path = SerenitySpace;
			sourceTree = "<group>";
		};
		1586C0722C3BEBBB0098C526 /* Support */ = {
			isa = PBXGroup;
			children = (
				1586C05E2C3BEA700098C526 /* AppDelegate.swift */,
				1586C0602C3BEA700098C526 /* SceneDelegate.swift */,
				1586C0692C3BEA720098C526 /* LaunchScreen.storyboard */,
				1586C0672C3BEA720098C526 /* Assets.xcassets */,
				1586C0642C3BEA700098C526 /* Main.storyboard */,
			);
			path = Support;
			sourceTree = "<group>";
		};
		1586C0732C3BEC220098C526 /* OneBoarding */ = {
			isa = PBXGroup;
			children = (
				1586C0742C3BEC9C0098C526 /* OneBoardingUserViewController.swift */,
			);
			path = OneBoarding;
			sourceTree = "<group>";
		};
		1586C0762C3BECB80098C526 /* LoadScreen */ = {
			isa = PBXGroup;
			children = (
				1586C0772C3BECC80098C526 /* LoadViewController.swift */,
			);
			path = LoadScreen;
			sourceTree = "<group>";
		};
		1586C07C2C3C060B0098C526 /* Racion */ = {
			isa = PBXGroup;
			children = (
				1586C07D2C3C061B0098C526 /* RacionViewController.swift */,
				1586C0872C3D69BF0098C526 /* NewHistoryViewController.swift */,
			);
			path = Racion;
			sourceTree = "<group>";
		};
		1586C07F2C3C06280098C526 /* TabBar */ = {
			isa = PBXGroup;
			children = (
				1586C0802C3C06460098C526 /* TabBarViewController.swift */,
			);
			path = TabBar;
			sourceTree = "<group>";
		};
		1586C0822C3C265E0098C526 /* Model */ = {
			isa = PBXGroup;
			children = (
				1586C0832C3C266D0098C526 /* Models.swift */,
			);
			path = Model;
			sourceTree = "<group>";
		};
/* End PBXGroup section */

/* Begin PBXNativeTarget section */
		1586C05A2C3BEA700098C526 /* SerenitySpace */ = {
			isa = PBXNativeTarget;
			buildConfigurationList = 1586C06F2C3BEA720098C526 /* Build configuration list for PBXNativeTarget "SerenitySpace" */;
			buildPhases = (
				1586C0572C3BEA700098C526 /* Sources */,
				1586C0582C3BEA700098C526 /* Frameworks */,
				1586C0592C3BEA700098C526 /* Resources */,
			);
			buildRules = (
			);
			dependencies = (
			);
			name = SerenitySpace;
			packageProductDependencies = (
				1586C07A2C3BED2E0098C526 /* SnapKit */,
			);
			productName = SerenitySpace;
			productReference = 1586C05B2C3BEA700098C526 /* SerenitySpace.app */;
			productType = "com.apple.product-type.application";
		};
/* End PBXNativeTarget section */

/* Begin PBXProject section */
		1586C0532C3BEA700098C526 /* Project object */ = {
			isa = PBXProject;
			attributes = {
				BuildIndependentTargetsInParallel = 1;
				LastSwiftUpdateCheck = 1520;
				LastUpgradeCheck = 1520;
				TargetAttributes = {
					1586C05A2C3BEA700098C526 = {
						CreatedOnToolsVersion = 15.2;
					};
				};
			};
			buildConfigurationList = 1586C0562C3BEA700098C526 /* Build configuration list for PBXProject "SerenitySpace" */;
			compatibilityVersion = "Xcode 14.0";
			developmentRegion = en;
			hasScannedForEncodings = 0;
			knownRegions = (
				en,
				Base,
			);
			mainGroup = 1586C0522C3BEA700098C526;
			packageReferences = (
				1586C0792C3BED2E0098C526 /* XCRemoteSwiftPackageReference "SnapKit" */,
			);
			productRefGroup = 1586C05C2C3BEA700098C526 /* Products */;
			projectDirPath = "";
			projectRoot = "";
			targets = (
				1586C05A2C3BEA700098C526 /* SerenitySpace */,
			);
		};
/* End PBXProject section */

/* Begin PBXResourcesBuildPhase section */
		1586C0592C3BEA700098C526 /* Resources */ = {
			isa = PBXResourcesBuildPhase;
			buildActionMask = 2147483647;
			files = (
				1586C06B2C3BEA720098C526 /* LaunchScreen.storyboard in Resources */,
				1586C0682C3BEA720098C526 /* Assets.xcassets in Resources */,
				1586C0662C3BEA700098C526 /* Main.storyboard in Resources */,
			);
			runOnlyForDeploymentPostprocessing = 0;
		};
/* End PBXResourcesBuildPhase section */

/* Begin PBXSourcesBuildPhase section */
		1586C0572C3BEA700098C526 /* Sources */ = {
			isa = PBXSourcesBuildPhase;
			buildActionMask = 2147483647;
			files = (
				1586C05F2C3BEA700098C526 /* AppDelegate.swift in Sources */,
				1586C0752C3BEC9C0098C526 /* OneBoardingUserViewController.swift in Sources */,
				1586C0782C3BECC80098C526 /* LoadViewController.swift in Sources */,
				1586C07E2C3C061B0098C526 /* RacionViewController.swift in Sources */,
				1586C0882C3D69BF0098C526 /* NewHistoryViewController.swift in Sources */,
				1586C0812C3C06460098C526 /* TabBarViewController.swift in Sources */,
				1586C0612C3BEA700098C526 /* SceneDelegate.swift in Sources */,
				1586C0842C3C266D0098C526 /* Models.swift in Sources */,
			);
			runOnlyForDeploymentPostprocessing = 0;
		};
/* End PBXSourcesBuildPhase section */

/* Begin PBXVariantGroup section */
		1586C0642C3BEA700098C526 /* Main.storyboard */ = {
			isa = PBXVariantGroup;
			children = (
				1586C0652C3BEA700098C526 /* Base */,
			);
			name = Main.storyboard;
			sourceTree = "<group>";
		};
		1586C0692C3BEA720098C526 /* LaunchScreen.storyboard */ = {
			isa = PBXVariantGroup;
			children = (
				1586C06A2C3BEA720098C526 /* Base */,
			);
			name = LaunchScreen.storyboard;
			sourceTree = "<group>";
		};
/* End PBXVariantGroup section */

/* Begin XCBuildConfiguration section */
		1586C06D2C3BEA720098C526 /* Debug */ = {
			isa = XCBuildConfiguration;
			buildSettings = {
				ALWAYS_SEARCH_USER_PATHS = NO;
				ASSETCATALOG_COMPILER_GENERATE_SWIFT_ASSET_SYMBOL_EXTENSIONS = YES;
				CLANG_ANALYZER_NONNULL = YES;
				CLANG_ANALYZER_NUMBER_OBJECT_CONVERSION = YES_AGGRESSIVE;
				CLANG_CXX_LANGUAGE_STANDARD = "gnu++20";
				CLANG_ENABLE_MODULES = YES;
				CLANG_ENABLE_OBJC_ARC = YES;
				CLANG_ENABLE_OBJC_WEAK = YES;
				CLANG_WARN_BLOCK_CAPTURE_AUTORELEASING = YES;
				CLANG_WARN_BOOL_CONVERSION = YES;
				CLANG_WARN_COMMA = YES;
				CLANG_WARN_CONSTANT_CONVERSION = YES;
				CLANG_WARN_DEPRECATED_OBJC_IMPLEMENTATIONS = YES;
				CLANG_WARN_DIRECT_OBJC_ISA_USAGE = YES_ERROR;
				CLANG_WARN_DOCUMENTATION_COMMENTS = YES;
				CLANG_WARN_EMPTY_BODY = YES;
				CLANG_WARN_ENUM_CONVERSION = YES;
				CLANG_WARN_INFINITE_RECURSION = YES;
				CLANG_WARN_INT_CONVERSION = YES;
				CLANG_WARN_NON_LITERAL_NULL_CONVERSION = YES;
				CLANG_WARN_OBJC_IMPLICIT_RETAIN_SELF = YES;
				CLANG_WARN_OBJC_LITERAL_CONVERSION = YES;
				CLANG_WARN_OBJC_ROOT_CLASS = YES_ERROR;
				CLANG_WARN_QUOTED_INCLUDE_IN_FRAMEWORK_HEADER = YES;
				CLANG_WARN_RANGE_LOOP_ANALYSIS = YES;
				CLANG_WARN_STRICT_PROTOTYPES = YES;
				CLANG_WARN_SUSPICIOUS_MOVE = YES;
				CLANG_WARN_UNGUARDED_AVAILABILITY = YES_AGGRESSIVE;
				CLANG_WARN_UNREACHABLE_CODE = YES;
				CLANG_WARN__DUPLICATE_METHOD_MATCH = YES;
				COPY_PHASE_STRIP = NO;
				DEBUG_INFORMATION_FORMAT = dwarf;
				ENABLE_STRICT_OBJC_MSGSEND = YES;
				ENABLE_TESTABILITY = YES;
				ENABLE_USER_SCRIPT_SANDBOXING = YES;
				GCC_C_LANGUAGE_STANDARD = gnu17;
				GCC_DYNAMIC_NO_PIC = NO;
				GCC_NO_COMMON_BLOCKS = YES;
				GCC_OPTIMIZATION_LEVEL = 0;
				GCC_PREPROCESSOR_DEFINITIONS = (
					"DEBUG=1",
					"$(inherited)",
				);
				GCC_WARN_64_TO_32_BIT_CONVERSION = YES;
				GCC_WARN_ABOUT_RETURN_TYPE = YES_ERROR;
				GCC_WARN_UNDECLARED_SELECTOR = YES;
				GCC_WARN_UNINITIALIZED_AUTOS = YES_AGGRESSIVE;
				GCC_WARN_UNUSED_FUNCTION = YES;
				GCC_WARN_UNUSED_VARIABLE = YES;
				IPHONEOS_DEPLOYMENT_TARGET = 17.2;
				LOCALIZATION_PREFERS_STRING_CATALOGS = YES;
				MTL_ENABLE_DEBUG_INFO = INCLUDE_SOURCE;
				MTL_FAST_MATH = YES;
				ONLY_ACTIVE_ARCH = YES;
				SDKROOT = iphoneos;
				SWIFT_ACTIVE_COMPILATION_CONDITIONS = "DEBUG $(inherited)";
				SWIFT_OPTIMIZATION_LEVEL = "-Onone";
			};
			name = Debug;
		};
		1586C06E2C3BEA720098C526 /* Release */ = {
			isa = XCBuildConfiguration;
			buildSettings = {
				ALWAYS_SEARCH_USER_PATHS = NO;
				ASSETCATALOG_COMPILER_GENERATE_SWIFT_ASSET_SYMBOL_EXTENSIONS = YES;
				CLANG_ANALYZER_NONNULL = YES;
				CLANG_ANALYZER_NUMBER_OBJECT_CONVERSION = YES_AGGRESSIVE;
				CLANG_CXX_LANGUAGE_STANDARD = "gnu++20";
				CLANG_ENABLE_MODULES = YES;
				CLANG_ENABLE_OBJC_ARC = YES;
				CLANG_ENABLE_OBJC_WEAK = YES;
				CLANG_WARN_BLOCK_CAPTURE_AUTORELEASING = YES;
				CLANG_WARN_BOOL_CONVERSION = YES;
				CLANG_WARN_COMMA = YES;
				CLANG_WARN_CONSTANT_CONVERSION = YES;
				CLANG_WARN_DEPRECATED_OBJC_IMPLEMENTATIONS = YES;
				CLANG_WARN_DIRECT_OBJC_ISA_USAGE = YES_ERROR;
				CLANG_WARN_DOCUMENTATION_COMMENTS = YES;
				CLANG_WARN_EMPTY_BODY = YES;
				CLANG_WARN_ENUM_CONVERSION = YES;
				CLANG_WARN_INFINITE_RECURSION = YES;
				CLANG_WARN_INT_CONVERSION = YES;
				CLANG_WARN_NON_LITERAL_NULL_CONVERSION = YES;
				CLANG_WARN_OBJC_IMPLICIT_RETAIN_SELF = YES;
				CLANG_WARN_OBJC_LITERAL_CONVERSION = YES;
				CLANG_WARN_OBJC_ROOT_CLASS = YES_ERROR;
				CLANG_WARN_QUOTED_INCLUDE_IN_FRAMEWORK_HEADER = YES;
				CLANG_WARN_RANGE_LOOP_ANALYSIS = YES;
				CLANG_WARN_STRICT_PROTOTYPES = YES;
				CLANG_WARN_SUSPICIOUS_MOVE = YES;
				CLANG_WARN_UNGUARDED_AVAILABILITY = YES_AGGRESSIVE;
				CLANG_WARN_UNREACHABLE_CODE = YES;
				CLANG_WARN__DUPLICATE_METHOD_MATCH = YES;
				COPY_PHASE_STRIP = NO;
				DEBUG_INFORMATION_FORMAT = "dwarf-with-dsym";
				ENABLE_NS_ASSERTIONS = NO;
				ENABLE_STRICT_OBJC_MSGSEND = YES;
				ENABLE_USER_SCRIPT_SANDBOXING = YES;
				GCC_C_LANGUAGE_STANDARD = gnu17;
				GCC_NO_COMMON_BLOCKS = YES;
				GCC_WARN_64_TO_32_BIT_CONVERSION = YES;
				GCC_WARN_ABOUT_RETURN_TYPE = YES_ERROR;
				GCC_WARN_UNDECLARED_SELECTOR = YES;
				GCC_WARN_UNINITIALIZED_AUTOS = YES_AGGRESSIVE;
				GCC_WARN_UNUSED_FUNCTION = YES;
				GCC_WARN_UNUSED_VARIABLE = YES;
				IPHONEOS_DEPLOYMENT_TARGET = 17.2;
				LOCALIZATION_PREFERS_STRING_CATALOGS = YES;
				MTL_ENABLE_DEBUG_INFO = NO;
				MTL_FAST_MATH = YES;
				SDKROOT = iphoneos;
				SWIFT_COMPILATION_MODE = wholemodule;
				VALIDATE_PRODUCT = YES;
			};
			name = Release;
		};
		1586C0702C3BEA720098C526 /* Debug */ = {
			isa = XCBuildConfiguration;
			buildSettings = {
				ASSETCATALOG_COMPILER_APPICON_NAME = AppIcon;
				ASSETCATALOG_COMPILER_GLOBAL_ACCENT_COLOR_NAME = AccentColor;
				CODE_SIGN_STYLE = Automatic;
				CURRENT_PROJECT_VERSION = 1;
				GENERATE_INFOPLIST_FILE = YES;
				INFOPLIST_FILE = SerenitySpace/Info.plist;
				INFOPLIST_KEY_UIApplicationSupportsIndirectInputEvents = YES;
				INFOPLIST_KEY_UILaunchStoryboardName = LaunchScreen;
				INFOPLIST_KEY_UISupportedInterfaceOrientations_iPad = "UIInterfaceOrientationPortrait UIInterfaceOrientationPortraitUpsideDown UIInterfaceOrientationLandscapeLeft UIInterfaceOrientationLandscapeRight";
				INFOPLIST_KEY_UISupportedInterfaceOrientations_iPhone = "UIInterfaceOrientationPortrait UIInterfaceOrientationLandscapeLeft UIInterfaceOrientationLandscapeRight";
				IPHONEOS_DEPLOYMENT_TARGET = 13.0;
				LD_RUNPATH_SEARCH_PATHS = (
					"$(inherited)",
					"@executable_path/Frameworks",
				);
				MARKETING_VERSION = 1.0;
				PRODUCT_BUNDLE_IDENTIFIER = k.SerenitySpace;
				PRODUCT_NAME = "$(TARGET_NAME)";
				SUPPORTED_PLATFORMS = "iphoneos iphonesimulator";
				SUPPORTS_MACCATALYST = NO;
				SUPPORTS_XR_DESIGNED_FOR_IPHONE_IPAD = NO;
				SWIFT_EMIT_LOC_STRINGS = YES;
				SWIFT_VERSION = 5.0;
				TARGETED_DEVICE_FAMILY = "1,2";
			};
			name = Debug;
		};
		1586C0712C3BEA720098C526 /* Release */ = {
			isa = XCBuildConfiguration;
			buildSettings = {
				ASSETCATALOG_COMPILER_APPICON_NAME = AppIcon;
				ASSETCATALOG_COMPILER_GLOBAL_ACCENT_COLOR_NAME = AccentColor;
				CODE_SIGN_STYLE = Automatic;
				CURRENT_PROJECT_VERSION = 1;
				GENERATE_INFOPLIST_FILE = YES;
				INFOPLIST_FILE = SerenitySpace/Info.plist;
				INFOPLIST_KEY_UIApplicationSupportsIndirectInputEvents = YES;
				INFOPLIST_KEY_UILaunchStoryboardName = LaunchScreen;
				INFOPLIST_KEY_UISupportedInterfaceOrientations_iPad = "UIInterfaceOrientationPortrait UIInterfaceOrientationPortraitUpsideDown UIInterfaceOrientationLandscapeLeft UIInterfaceOrientationLandscapeRight";
				INFOPLIST_KEY_UISupportedInterfaceOrientations_iPhone = "UIInterfaceOrientationPortrait UIInterfaceOrientationLandscapeLeft UIInterfaceOrientationLandscapeRight";
				IPHONEOS_DEPLOYMENT_TARGET = 13.0;
				LD_RUNPATH_SEARCH_PATHS = (
					"$(inherited)",
					"@executable_path/Frameworks",
				);
				MARKETING_VERSION = 1.0;
				PRODUCT_BUNDLE_IDENTIFIER = k.SerenitySpace;
				PRODUCT_NAME = "$(TARGET_NAME)";
				SUPPORTED_PLATFORMS = "iphoneos iphonesimulator";
				SUPPORTS_MACCATALYST = NO;
				SUPPORTS_XR_DESIGNED_FOR_IPHONE_IPAD = NO;
				SWIFT_EMIT_LOC_STRINGS = YES;
				SWIFT_VERSION = 5.0;
				TARGETED_DEVICE_FAMILY = "1,2";
			};
			name = Release;
		};
/* End XCBuildConfiguration section */

/* Begin XCConfigurationList section */
		1586C0562C3BEA700098C526 /* Build configuration list for PBXProject "SerenitySpace" */ = {
			isa = XCConfigurationList;
			buildConfigurations = (
				1586C06D2C3BEA720098C526 /* Debug */,
				1586C06E2C3BEA720098C526 /* Release */,
			);
			defaultConfigurationIsVisible = 0;
			defaultConfigurationName = Release;
		};
		1586C06F2C3BEA720098C526 /* Build configuration list for PBXNativeTarget "SerenitySpace" */ = {
			isa = XCConfigurationList;
			buildConfigurations = (
				1586C0702C3BEA720098C526 /* Debug */,
				1586C0712C3BEA720098C526 /* Release */,
			);
			defaultConfigurationIsVisible = 0;
			defaultConfigurationName = Release;
		};
/* End XCConfigurationList section */

/* Begin XCRemoteSwiftPackageReference section */
		1586C0792C3BED2E0098C526 /* XCRemoteSwiftPackageReference "SnapKit" */ = {
			isa = XCRemoteSwiftPackageReference;
			repositoryURL = "https://github.com/SnapKit/SnapKit";
			requirement = {
				kind = upToNextMajorVersion;
				minimumVersion = 5.7.1;
			};
		};
/* End XCRemoteSwiftPackageReference section */

/* Begin XCSwiftPackageProductDependency section */
		1586C07A2C3BED2E0098C526 /* SnapKit */ = {
			isa = XCSwiftPackageProductDependency;
			package = 1586C0792C3BED2E0098C526 /* XCRemoteSwiftPackageReference "SnapKit" */;
			productName = SnapKit;
		};
/* End XCSwiftPackageProductDependency section */
	};
	rootObject = 1586C0532C3BEA700098C526 /* Project object */;
}
